
Microsoft Visual Studio Solution File, Format Version 12.00
# Visual Studio Version 17
VisualStudioVersion = 17.9.34723.18
MinimumVisualStudioVersion = 10.0.40219.1
Project("{9092AA53-FB77-4645-B42D-1CCCA6BD08BD}") = "nodejsStrona", "nodejsStrona\nodejsStrona.njsproj", "{4C9A35C9-E0BF-450E-9A3A-A5EBAEF82249}"
EndProject
Global
	GlobalSection(SolutionConfigurationPlatforms) = preSolution
		Debug|Any CPU = Debug|Any CPU
		Release|Any CPU = Release|Any CPU
	EndGlobalSection
	GlobalSection(ProjectConfigurationPlatforms) = postSolution
		{4C9A35C9-E0BF-450E-9A3A-A5EBAEF82249}.Debug|Any CPU.ActiveCfg = Debug|Any CPU
		{4C9A35C9-E0BF-450E-9A3A-A5EBAEF82249}.Debug|Any CPU.Build.0 = Debug|Any CPU
		{4C9A35C9-E0BF-450E-9A3A-A5EBAEF82249}.Release|Any CPU.ActiveCfg = Release|Any CPU
		{4C9A35C9-E0BF-450E-9A3A-A5EBAEF82249}.Release|Any CPU.Build.0 = Release|Any CPU
	EndGlobalSection
	GlobalSection(SolutionProperties) = preSolution
		HideSolutionNode = FALSE
	EndGlobalSection
	GlobalSection(ExtensibilityGlobals) = postSolution
		SolutionGuid = {62279D95-8FE0-463C-A63C-C0E1BC63E7F6}
	EndGlobalSection
EndGlobal
